
Microsoft Visual Studio Solution File, Format Version 12.00
# Visual Studio Version 17
VisualStudioVersion = 17.5.33424.131
MinimumVisualStudioVersion = 10.0.40219.1
Project("{9A19103F-16F7-4668-BE54-9A1E7A4F7556}") = "EmployeeManagement.Infrastructure", "EmployeeManagement.Infrastructure\EmployeeManagement.Infrastructure.csproj", "{4C4D121D-C584-4C1A-945D-837DDBA9CD03}"
EndProject
Project("{9A19103F-16F7-4668-BE54-9A1E7A4F7556}") = "EmployeeManagement.Application", "EmployeeManagment.Application\EmployeeManagement.Application.csproj", "{5C09B4E1-A53C-4225-B152-5E15F2CD6924}"
EndProject
Project("{9A19103F-16F7-4668-BE54-9A1E7A4F7556}") = "EmployeeManagement.WebApi", "EmployeeManagement.WebApi\EmployeeManagement.WebApi.csproj", "{3E183CB5-665C-4F8B-A75A-5BCDAD40660E}"
EndProject
Project("{9A19103F-16F7-4668-BE54-9A1E7A4F7556}") = "EmployeeManagement.Domain", "EEmployeeManagement.Domain\EmployeeManagement.Domain.csproj", "{9EC1E352-85F2-4073-954F-B3F3E1730186}"
EndProject
Global
	GlobalSection(SolutionConfigurationPlatforms) = preSolution
		Debug|Any CPU = Debug|Any CPU
		Release|Any CPU = Release|Any CPU
	EndGlobalSection
	GlobalSection(ProjectConfigurationPlatforms) = postSolution
		{4C4D121D-C584-4C1A-945D-837DDBA9CD03}.Debug|Any CPU.ActiveCfg = Debug|Any CPU
		{4C4D121D-C584-4C1A-945D-837DDBA9CD03}.Debug|Any CPU.Build.0 = Debug|Any CPU
		{4C4D121D-C584-4C1A-945D-837DDBA9CD03}.Release|Any CPU.ActiveCfg = Release|Any CPU
		{4C4D121D-C584-4C1A-945D-837DDBA9CD03}.Release|Any CPU.Build.0 = Release|Any CPU
		{5C09B4E1-A53C-4225-B152-5E15F2CD6924}.Debug|Any CPU.ActiveCfg = Debug|Any CPU
		{5C09B4E1-A53C-4225-B152-5E15F2CD6924}.Debug|Any CPU.Build.0 = Debug|Any CPU
		{5C09B4E1-A53C-4225-B152-5E15F2CD6924}.Release|Any CPU.ActiveCfg = Release|Any CPU
		{5C09B4E1-A53C-4225-B152-5E15F2CD6924}.Release|Any CPU.Build.0 = Release|Any CPU
		{3E183CB5-665C-4F8B-A75A-5BCDAD40660E}.Debug|Any CPU.ActiveCfg = Debug|Any CPU
		{3E183CB5-665C-4F8B-A75A-5BCDAD40660E}.Debug|Any CPU.Build.0 = Debug|Any CPU
		{3E183CB5-665C-4F8B-A75A-5BCDAD40660E}.Release|Any CPU.ActiveCfg = Release|Any CPU
		{3E183CB5-665C-4F8B-A75A-5BCDAD40660E}.Release|Any CPU.Build.0 = Release|Any CPU
		{9EC1E352-85F2-4073-954F-B3F3E1730186}.Debug|Any CPU.ActiveCfg = Debug|Any CPU
		{9EC1E352-85F2-4073-954F-B3F3E1730186}.Debug|Any CPU.Build.0 = Debug|Any CPU
		{9EC1E352-85F2-4073-954F-B3F3E1730186}.Release|Any CPU.ActiveCfg = Release|Any CPU
		{9EC1E352-85F2-4073-954F-B3F3E1730186}.Release|Any CPU.Build.0 = Release|Any CPU
	EndGlobalSection
	GlobalSection(SolutionProperties) = preSolution
		HideSolutionNode = FALSE
	EndGlobalSection
	GlobalSection(ExtensibilityGlobals) = postSolution
		SolutionGuid = {793211A5-DA9D-466C-BD1A-1C14121FEC5D}
	EndGlobalSection
EndGlobal
